
Microsoft Visual Studio Solution File, Format Version 12.00
# Visual Studio Version 17
VisualStudioVersion = 17.0.31903.59
MinimumVisualStudioVersion = 10.0.40219.1
Project("{FAE04EC0-301F-11D3-BF4B-00C04F79EFBC}") = "ClassLibrary", "ClassLibrary\ClassLibrary.csproj", "{79FDA11F-C17C-42D4-8AB4-05E532D67C23}"
EndProject
Project("{FAE04EC0-301F-11D3-BF4B-00C04F79EFBC}") = "ConsoleApp", "ConsoleApp\ConsoleApp.csproj", "{CA013AD3-85B5-407B-A3AC-97C0CAE6512D}"
EndProject
Global
	GlobalSection(SolutionConfigurationPlatforms) = preSolution
		Debug|Any CPU = Debug|Any CPU
		Release|Any CPU = Release|Any CPU
	EndGlobalSection
	GlobalSection(SolutionProperties) = preSolution
		HideSolutionNode = FALSE
	EndGlobalSection
	GlobalSection(ProjectConfigurationPlatforms) = postSolution
		{79FDA11F-C17C-42D4-8AB4-05E532D67C23}.Debug|Any CPU.ActiveCfg = Debug|Any CPU
		{79FDA11F-C17C-42D4-8AB4-05E532D67C23}.Debug|Any CPU.Build.0 = Debug|Any CPU
		{79FDA11F-C17C-42D4-8AB4-05E532D67C23}.Release|Any CPU.ActiveCfg = Release|Any CPU
		{79FDA11F-C17C-42D4-8AB4-05E532D67C23}.Release|Any CPU.Build.0 = Release|Any CPU
		{CA013AD3-85B5-407B-A3AC-97C0CAE6512D}.Debug|Any CPU.ActiveCfg = Debug|Any CPU
		{CA013AD3-85B5-407B-A3AC-97C0CAE6512D}.Debug|Any CPU.Build.0 = Debug|Any CPU
		{CA013AD3-85B5-407B-A3AC-97C0CAE6512D}.Release|Any CPU.ActiveCfg = Release|Any CPU
		{CA013AD3-85B5-407B-A3AC-97C0CAE6512D}.Release|Any CPU.Build.0 = Release|Any CPU
	EndGlobalSection
EndGlobal
